
Microsoft Visual Studio Solution File, Format Version 12.00
# Visual Studio Version 16
VisualStudioVersion = 16.0.30413.136
MinimumVisualStudioVersion = 10.0.40219.1
Project("{FAE04EC0-301F-11D3-BF4B-00C04F79EFBC}") = "ConsoleoleApp5", "ConsoleoleApp5\ConsoleoleApp5.csproj", "{EEA1509C-F572-456D-BAD8-6BF3F4C8DFFD}"
EndProject
Global
	GlobalSection(SolutionConfigurationPlatforms) = preSolution
		Debug|Any CPU = Debug|Any CPU
		Release|Any CPU = Release|Any CPU
	EndGlobalSection
	GlobalSection(ProjectConfigurationPlatforms) = postSolution
		{EEA1509C-F572-456D-BAD8-6BF3F4C8DFFD}.Debug|Any CPU.ActiveCfg = Debug|Any CPU
		{EEA1509C-F572-456D-BAD8-6BF3F4C8DFFD}.Debug|Any CPU.Build.0 = Debug|Any CPU
		{EEA1509C-F572-456D-BAD8-6BF3F4C8DFFD}.Release|Any CPU.ActiveCfg = Release|Any CPU
		{EEA1509C-F572-456D-BAD8-6BF3F4C8DFFD}.Release|Any CPU.Build.0 = Release|Any CPU
	EndGlobalSection
	GlobalSection(SolutionProperties) = preSolution
		HideSolutionNode = FALSE
	EndGlobalSection
	GlobalSection(ExtensibilityGlobals) = postSolution
		SolutionGuid = {56E89446-19B4-40C3-A041-BA986017FE7E}
	EndGlobalSection
EndGlobal
